
Microsoft Visual Studio Solution File, Format Version 12.00
# Visual Studio Version 16
VisualStudioVersion = 16.0.29521.150
MinimumVisualStudioVersion = 10.0.40219.1
Project("{9A19103F-16F7-4668-BE54-9A1E7A4F7556}") = "Ejemplo01", "Ejemplo01.csproj", "{D285412B-06F9-4147-9906-13CC8E4133C0}"
EndProject
Global
	GlobalSection(SolutionConfigurationPlatforms) = preSolution
		Debug|Any CPU = Debug|Any CPU
		Release|Any CPU = Release|Any CPU
	EndGlobalSection
	GlobalSection(ProjectConfigurationPlatforms) = postSolution
		{D285412B-06F9-4147-9906-13CC8E4133C0}.Debug|Any CPU.ActiveCfg = Debug|Any CPU
		{D285412B-06F9-4147-9906-13CC8E4133C0}.Debug|Any CPU.Build.0 = Debug|Any CPU
		{D285412B-06F9-4147-9906-13CC8E4133C0}.Release|Any CPU.ActiveCfg = Release|Any CPU
		{D285412B-06F9-4147-9906-13CC8E4133C0}.Release|Any CPU.Build.0 = Release|Any CPU
	EndGlobalSection
	GlobalSection(SolutionProperties) = preSolution
		HideSolutionNode = FALSE
	EndGlobalSection
	GlobalSection(ExtensibilityGlobals) = postSolution
		SolutionGuid = {AC2E9A48-E898-4D3D-BD83-9F1CF0E01414}
	EndGlobalSection
EndGlobal
